{
  "name": "evmos",
  "version": "1.0.0",
  "lockfileVersion": 1,
  "requires": true,
  "dependencies": {
    "@openzeppelin/contracts": {
<<<<<<< HEAD
      "version": "4.4.2",
      "resolved": "https://registry.npmjs.org/@openzeppelin/contracts/-/contracts-4.4.2.tgz",
      "integrity": "sha512-NyJV7sJgoGYqbtNUWgzzOGW4T6rR19FmX1IJgXGdapGPWsuMelGJn9h03nos0iqfforCbCB0iYIR0MtIuIFLLw=="
=======
      "version": "4.7.2",
      "resolved": "https://registry.npmjs.org/@openzeppelin/contracts/-/contracts-4.7.2.tgz",
      "integrity": "sha512-4n/JL9izql8303mPqPdubuna/DWEMbmOzWYUWyCPhjhiEr2w3nQrjE7vZz1fBF+wzzP6dZbIcsgqACk53c9FGA=="
>>>>>>> 861f8c69 (build(deps): bump @openzeppelin/contracts from 4.7.1 to 4.7.2 in /contracts (#842))
    }
  }
}
